
Microsoft Visual Studio Solution File, Format Version 12.00
# Visual Studio Version 17
VisualStudioVersion = 17.1.32228.430
MinimumVisualStudioVersion = 10.0.40219.1
Project("{8BC9CEB8-8B4A-11D0-8D11-00A0C91BC942}") = "netGamePro01", "netGamePro01\netGamePro01.vcxproj", "{75350250-EDB0-4AD0-A94F-A00BFA4DDDB4}"
EndProject
Project("{8BC9CEB8-8B4A-11D0-8D11-00A0C91BC942}") = "netGameSocket01", "netGameSocket01\netGameSocket01.vcxproj", "{1DA908AB-C05A-43AE-894D-A0F14C9C4A3D}"
EndProject
Project("{8BC9CEB8-8B4A-11D0-8D11-00A0C91BC942}") = "chapter2", "chapter2\chapter2.vcxproj", "{C6C309DC-96A1-43AB-9013-89A5FF2C88E7}"
EndProject
Project("{8BC9CEB8-8B4A-11D0-8D11-00A0C91BC942}") = "Chapter3", "Chapter3\Chapter3.vcxproj", "{B39EE5DC-131F-4374-A683-82D8BC561447}"
EndProject
Project("{8BC9CEB8-8B4A-11D0-8D11-00A0C91BC942}") = "Chapter4", "Chapter4\Chapter4.vcxproj", "{6E0DCF28-49E9-46E9-AA4E-0268F21F05A3}"
EndProject
Project("{8BC9CEB8-8B4A-11D0-8D11-00A0C91BC942}") = "Chapter5_variable", "Chapter5_variable\Chapter5_variable.vcxproj", "{03CA02F1-E12C-496A-BD31-8774F98F84A6}"
EndProject
Global
	GlobalSection(SolutionConfigurationPlatforms) = preSolution
		Debug|x64 = Debug|x64
		Debug|x86 = Debug|x86
		Release|x64 = Release|x64
		Release|x86 = Release|x86
	EndGlobalSection
	GlobalSection(ProjectConfigurationPlatforms) = postSolution
		{75350250-EDB0-4AD0-A94F-A00BFA4DDDB4}.Debug|x64.ActiveCfg = Debug|x64
		{75350250-EDB0-4AD0-A94F-A00BFA4DDDB4}.Debug|x64.Build.0 = Debug|x64
		{75350250-EDB0-4AD0-A94F-A00BFA4DDDB4}.Debug|x86.ActiveCfg = Debug|Win32
		{75350250-EDB0-4AD0-A94F-A00BFA4DDDB4}.Debug|x86.Build.0 = Debug|Win32
		{75350250-EDB0-4AD0-A94F-A00BFA4DDDB4}.Release|x64.ActiveCfg = Release|x64
		{75350250-EDB0-4AD0-A94F-A00BFA4DDDB4}.Release|x64.Build.0 = Release|x64
		{75350250-EDB0-4AD0-A94F-A00BFA4DDDB4}.Release|x86.ActiveCfg = Release|Win32
		{75350250-EDB0-4AD0-A94F-A00BFA4DDDB4}.Release|x86.Build.0 = Release|Win32
		{1DA908AB-C05A-43AE-894D-A0F14C9C4A3D}.Debug|x64.ActiveCfg = Debug|x64
		{1DA908AB-C05A-43AE-894D-A0F14C9C4A3D}.Debug|x64.Build.0 = Debug|x64
		{1DA908AB-C05A-43AE-894D-A0F14C9C4A3D}.Debug|x86.ActiveCfg = Debug|Win32
		{1DA908AB-C05A-43AE-894D-A0F14C9C4A3D}.Debug|x86.Build.0 = Debug|Win32
		{1DA908AB-C05A-43AE-894D-A0F14C9C4A3D}.Release|x64.ActiveCfg = Release|x64
		{1DA908AB-C05A-43AE-894D-A0F14C9C4A3D}.Release|x64.Build.0 = Release|x64
		{1DA908AB-C05A-43AE-894D-A0F14C9C4A3D}.Release|x86.ActiveCfg = Release|Win32
		{1DA908AB-C05A-43AE-894D-A0F14C9C4A3D}.Release|x86.Build.0 = Release|Win32
		{C6C309DC-96A1-43AB-9013-89A5FF2C88E7}.Debug|x64.ActiveCfg = Debug|x64
		{C6C309DC-96A1-43AB-9013-89A5FF2C88E7}.Debug|x64.Build.0 = Debug|x64
		{C6C309DC-96A1-43AB-9013-89A5FF2C88E7}.Debug|x86.ActiveCfg = Debug|Win32
		{C6C309DC-96A1-43AB-9013-89A5FF2C88E7}.Debug|x86.Build.0 = Debug|Win32
		{C6C309DC-96A1-43AB-9013-89A5FF2C88E7}.Release|x64.ActiveCfg = Release|x64
		{C6C309DC-96A1-43AB-9013-89A5FF2C88E7}.Release|x64.Build.0 = Release|x64
		{C6C309DC-96A1-43AB-9013-89A5FF2C88E7}.Release|x86.ActiveCfg = Release|Win32
		{C6C309DC-96A1-43AB-9013-89A5FF2C88E7}.Release|x86.Build.0 = Release|Win32
		{B39EE5DC-131F-4374-A683-82D8BC561447}.Debug|x64.ActiveCfg = Debug|x64
		{B39EE5DC-131F-4374-A683-82D8BC561447}.Debug|x64.Build.0 = Debug|x64
		{B39EE5DC-131F-4374-A683-82D8BC561447}.Debug|x86.ActiveCfg = Debug|Win32
		{B39EE5DC-131F-4374-A683-82D8BC561447}.Debug|x86.Build.0 = Debug|Win32
		{B39EE5DC-131F-4374-A683-82D8BC561447}.Release|x64.ActiveCfg = Release|x64
		{B39EE5DC-131F-4374-A683-82D8BC561447}.Release|x64.Build.0 = Release|x64
		{B39EE5DC-131F-4374-A683-82D8BC561447}.Release|x86.ActiveCfg = Release|Win32
		{B39EE5DC-131F-4374-A683-82D8BC561447}.Release|x86.Build.0 = Release|Win32
		{6E0DCF28-49E9-46E9-AA4E-0268F21F05A3}.Debug|x64.ActiveCfg = Debug|x64
		{6E0DCF28-49E9-46E9-AA4E-0268F21F05A3}.Debug|x64.Build.0 = Debug|x64
		{6E0DCF28-49E9-46E9-AA4E-0268F21F05A3}.Debug|x86.ActiveCfg = Debug|Win32
		{6E0DCF28-49E9-46E9-AA4E-0268F21F05A3}.Debug|x86.Build.0 = Debug|Win32
		{6E0DCF28-49E9-46E9-AA4E-0268F21F05A3}.Release|x64.ActiveCfg = Release|x64
		{6E0DCF28-49E9-46E9-AA4E-0268F21F05A3}.Release|x64.Build.0 = Release|x64
		{6E0DCF28-49E9-46E9-AA4E-0268F21F05A3}.Release|x86.ActiveCfg = Release|Win32
		{6E0DCF28-49E9-46E9-AA4E-0268F21F05A3}.Release|x86.Build.0 = Release|Win32
		{03CA02F1-E12C-496A-BD31-8774F98F84A6}.Debug|x64.ActiveCfg = Debug|x64
		{03CA02F1-E12C-496A-BD31-8774F98F84A6}.Debug|x64.Build.0 = Debug|x64
		{03CA02F1-E12C-496A-BD31-8774F98F84A6}.Debug|x86.ActiveCfg = Debug|Win32
		{03CA02F1-E12C-496A-BD31-8774F98F84A6}.Debug|x86.Build.0 = Debug|Win32
		{03CA02F1-E12C-496A-BD31-8774F98F84A6}.Release|x64.ActiveCfg = Release|x64
		{03CA02F1-E12C-496A-BD31-8774F98F84A6}.Release|x64.Build.0 = Release|x64
		{03CA02F1-E12C-496A-BD31-8774F98F84A6}.Release|x86.ActiveCfg = Release|Win32
		{03CA02F1-E12C-496A-BD31-8774F98F84A6}.Release|x86.Build.0 = Release|Win32
	EndGlobalSection
	GlobalSection(SolutionProperties) = preSolution
		HideSolutionNode = FALSE
	EndGlobalSection
	GlobalSection(ExtensibilityGlobals) = postSolution
		SolutionGuid = {1F39D93B-496D-4388-9EE8-417A80F81463}
	EndGlobalSection
EndGlobal
